// !$*UTF8*$!
{
	archiveVersion = 1;
	classes = {
	};
	objectVersion = 46;
	objects = {

/* Begin PBXBuildFile section */
		8338BFD41634785800281731 /* Icon.png in Resources */ = {isa = PBXBuildFile; fileRef = 8338BFD31634785800281731 /* Icon.png */; };
		8338BFD61634785E00281731 /* Icon@2x.png in Resources */ = {isa = PBXBuildFile; fileRef = 8338BFD51634785E00281731 /* Icon@2x.png */; };
		839A10471630CDCC00F3D6B1 /* CoreData.framework in Frameworks */ = {isa = PBXBuildFile; fileRef = 839A10461630CDCC00F3D6B1 /* CoreData.framework */; };
		839A105C1630DCF700F3D6B1 /* libz.dylib in Frameworks */ = {isa = PBXBuildFile; fileRef = 839A105B1630DCF700F3D6B1 /* libz.dylib */; };
		839F0136163030DD000071A5 /* UIKit.framework in Frameworks */ = {isa = PBXBuildFile; fileRef = 839F0135163030DD000071A5 /* UIKit.framework */; };
		839F0138163030DD000071A5 /* Foundation.framework in Frameworks */ = {isa = PBXBuildFile; fileRef = 839F0137163030DD000071A5 /* Foundation.framework */; };
		839F013A163030DD000071A5 /* CoreGraphics.framework in Frameworks */ = {isa = PBXBuildFile; fileRef = 839F0139163030DD000071A5 /* CoreGraphics.framework */; };
		839F014F163030DE000071A5 /* MainStoryboard_iPhone.storyboard in Resources */ = {isa = PBXBuildFile; fileRef = 839F014D163030DE000071A5 /* MainStoryboard_iPhone.storyboard */; };
		83DE65221638C4AE009E1C1A /* BKChapter.m in Sources */ = {isa = PBXBuildFile; fileRef = 83DE65101638C4AE009E1C1A /* BKChapter.m */; };
		83DE65231638C4AE009E1C1A /* BKBook.m in Sources */ = {isa = PBXBuildFile; fileRef = 83DE65111638C4AE009E1C1A /* BKBook.m */; };
		83DE65241638C4AE009E1C1A /* _BKBook.m in Sources */ = {isa = PBXBuildFile; fileRef = 83DE65141638C4AE009E1C1A /* _BKBook.m */; };
		83DE65251638C4AE009E1C1A /* _BKChunk.m in Sources */ = {isa = PBXBuildFile; fileRef = 83DE65161638C4AE009E1C1A /* _BKChunk.m */; };
		83DE65261638C4AE009E1C1A /* BKChunk.m in Sources */ = {isa = PBXBuildFile; fileRef = 83DE65181638C4AE009E1C1A /* BKChunk.m */; };
		83DE65271638C4AE009E1C1A /* BoookModel.xcdatamodeld in Sources */ = {isa = PBXBuildFile; fileRef = 83DE65191638C4AE009E1C1A /* BoookModel.xcdatamodeld */; };
		83DE65281638C4AE009E1C1A /* _BKChapter.m in Sources */ = {isa = PBXBuildFile; fileRef = 83DE651C1638C4AE009E1C1A /* _BKChapter.m */; };
		83DE65291638C4AE009E1C1A /* _BKAuthor.m in Sources */ = {isa = PBXBuildFile; fileRef = 83DE651F1638C4AE009E1C1A /* _BKAuthor.m */; };
		83DE652A1638C4AE009E1C1A /* BKAuthor.m in Sources */ = {isa = PBXBuildFile; fileRef = 83DE65211638C4AE009E1C1A /* BKAuthor.m */; };
		83DE65331638C4F1009E1C1A /* NSAttributedString+BoookAdditions.m in Sources */ = {isa = PBXBuildFile; fileRef = 83DE652C1638C4F1009E1C1A /* NSAttributedString+BoookAdditions.m */; };
		83DE65341638C4F1009E1C1A /* UILabel+BoookAdditions.m in Sources */ = {isa = PBXBuildFile; fileRef = 83DE652D1638C4F1009E1C1A /* UILabel+BoookAdditions.m */; };
		83DE65351638C4F1009E1C1A /* NSString+BoookAdditions.m in Sources */ = {isa = PBXBuildFile; fileRef = 83DE65301638C4F1009E1C1A /* NSString+BoookAdditions.m */; };
		83DE65361638C4F1009E1C1A /* NSFileManager+BoookAdditions.m in Sources */ = {isa = PBXBuildFile; fileRef = 83DE65311638C4F1009E1C1A /* NSFileManager+BoookAdditions.m */; };
		83DE65391638C502009E1C1A /* BKAppDelegate.m in Sources */ = {isa = PBXBuildFile; fileRef = 83DE65381638C502009E1C1A /* BKAppDelegate.m */; };
		83DE65401638C517009E1C1A /* blue_texture@2x.png in Resources */ = {isa = PBXBuildFile; fileRef = 83DE653A1638C517009E1C1A /* blue_texture@2x.png */; };
		83DE65411638C517009E1C1A /* Default-568h@2x.png in Resources */ = {isa = PBXBuildFile; fileRef = 83DE653B1638C517009E1C1A /* Default-568h@2x.png */; };
		83DE65421638C517009E1C1A /* Default.png in Resources */ = {isa = PBXBuildFile; fileRef = 83DE653C1638C517009E1C1A /* Default.png */; };
		83DE65431638C517009E1C1A /* Default@2x.png in Resources */ = {isa = PBXBuildFile; fileRef = 83DE653D1638C517009E1C1A /* Default@2x.png */; };
		83DE65441638C517009E1C1A /* gray_global_bgr.png in Resources */ = {isa = PBXBuildFile; fileRef = 83DE653E1638C517009E1C1A /* gray_global_bgr.png */; };
		83DE65451638C517009E1C1A /* gray_global_bgr@2x.png in Resources */ = {isa = PBXBuildFile; fileRef = 83DE653F1638C517009E1C1A /* gray_global_bgr@2x.png */; };
		83DE65471638C52D009E1C1A /* main.m in Sources */ = {isa = PBXBuildFile; fileRef = 83DE65461638C52D009E1C1A /* main.m */; };
		83DE654E1638C546009E1C1A /* austen-pride-and-prejudice-illustrations.epub in Resources */ = {isa = PBXBuildFile; fileRef = 83DE65491638C546009E1C1A /* austen-pride-and-prejudice-illustrations.epub */; };
		83DE654F1638C546009E1C1A /* carroll-alice-in-wonderland-illustrations.epub in Resources */ = {isa = PBXBuildFile; fileRef = 83DE654A1638C546009E1C1A /* carroll-alice-in-wonderland-illustrations.epub */; };
		83DE65501638C546009E1C1A /* dickens-battle-of-life.epub in Resources */ = {isa = PBXBuildFile; fileRef = 83DE654B1638C546009E1C1A /* dickens-battle-of-life.epub */; };
		83DE65511638C546009E1C1A /* gullivers.epub in Resources */ = {isa = PBXBuildFile; fileRef = 83DE654C1638C546009E1C1A /* gullivers.epub */; };
		83DE65521638C546009E1C1A /* sherlock.epub in Resources */ = {isa = PBXBuildFile; fileRef = 83DE654D1638C546009E1C1A /* sherlock.epub */; };
		83DE655E1638C5CC009E1C1A /* BKBaseViewController.m in Sources */ = {isa = PBXBuildFile; fileRef = 83DE65551638C5CC009E1C1A /* BKBaseViewController.m */; };
		83DE655F1638C5CC009E1C1A /* BKBookViewController.m in Sources */ = {isa = PBXBuildFile; fileRef = 83DE65571638C5CC009E1C1A /* BKBookViewController.m */; };
		83DE65601638C5CC009E1C1A /* BKLibraryCell.m in Sources */ = {isa = PBXBuildFile; fileRef = 83DE65591638C5CC009E1C1A /* BKLibraryCell.m */; };
		83DE65611638C5CC009E1C1A /* BKLibraryViewController.m in Sources */ = {isa = PBXBuildFile; fileRef = 83DE655B1638C5CC009E1C1A /* BKLibraryViewController.m */; };
		83DE65621638C5CC009E1C1A /* BKPageCell.m in Sources */ = {isa = PBXBuildFile; fileRef = 83DE655D1638C5CC009E1C1A /* BKPageCell.m */; };
		83DE65651638C5DF009E1C1A /* GDataXMLNode.m in Sources */ = {isa = PBXBuildFile; fileRef = 83DE65641638C5DF009E1C1A /* GDataXMLNode.m */; };
		83DE65C01638C61A009E1C1A /* MagicalImportFunctions.m in Sources */ = {isa = PBXBuildFile; fileRef = 83DE65881638C61A009E1C1A /* MagicalImportFunctions.m */; };
		83DE65C11638C61A009E1C1A /* NSAttributeDescription+MagicalDataImport.m in Sources */ = {isa = PBXBuildFile; fileRef = 83DE658A1638C61A009E1C1A /* NSAttributeDescription+MagicalDataImport.m */; };
		83DE65C21638C61A009E1C1A /* NSEntityDescription+MagicalDataImport.m in Sources */ = {isa = PBXBuildFile; fileRef = 83DE658C1638C61A009E1C1A /* NSEntityDescription+MagicalDataImport.m */; };
		83DE65C31638C61A009E1C1A /* NSNumber+MagicalDataImport.m in Sources */ = {isa = PBXBuildFile; fileRef = 83DE658E1638C61A009E1C1A /* NSNumber+MagicalDataImport.m */; };
		83DE65C41638C61A009E1C1A /* NSObject+MagicalDataImport.m in Sources */ = {isa = PBXBuildFile; fileRef = 83DE65901638C61A009E1C1A /* NSObject+MagicalDataImport.m */; };
		83DE65C51638C61A009E1C1A /* NSRelationshipDescription+MagicalDataImport.m in Sources */ = {isa = PBXBuildFile; fileRef = 83DE65921638C61A009E1C1A /* NSRelationshipDescription+MagicalDataImport.m */; };
		83DE65C61638C61A009E1C1A /* NSString+MagicalDataImport.m in Sources */ = {isa = PBXBuildFile; fileRef = 83DE65941638C61A009E1C1A /* NSString+MagicalDataImport.m */; };
		83DE65C71638C61A009E1C1A /* NSManagedObject+MagicalAggregation.m in Sources */ = {isa = PBXBuildFile; fileRef = 83DE65971638C61A009E1C1A /* NSManagedObject+MagicalAggregation.m */; };
		83DE65C81638C61A009E1C1A /* NSManagedObject+MagicalDataImport.m in Sources */ = {isa = PBXBuildFile; fileRef = 83DE65991638C61A009E1C1A /* NSManagedObject+MagicalDataImport.m */; };
		83DE65C91638C61A009E1C1A /* NSManagedObject+MagicalFinders.m in Sources */ = {isa = PBXBuildFile; fileRef = 83DE659B1638C61A009E1C1A /* NSManagedObject+MagicalFinders.m */; };
		83DE65CA1638C61A009E1C1A /* NSManagedObject+MagicalRecord.m in Sources */ = {isa = PBXBuildFile; fileRef = 83DE659D1638C61A009E1C1A /* NSManagedObject+MagicalRecord.m */; };
		83DE65CB1638C61A009E1C1A /* NSManagedObject+MagicalRequests.m in Sources */ = {isa = PBXBuildFile; fileRef = 83DE659F1638C61A009E1C1A /* NSManagedObject+MagicalRequests.m */; };
		83DE65CC1638C61A009E1C1A /* NSManagedObjectContext+MagicalObserving.m in Sources */ = {isa = PBXBuildFile; fileRef = 83DE65A21638C61A009E1C1A /* NSManagedObjectContext+MagicalObserving.m */; };
		83DE65CD1638C61A009E1C1A /* NSManagedObjectContext+MagicalRecord.m in Sources */ = {isa = PBXBuildFile; fileRef = 83DE65A41638C61A009E1C1A /* NSManagedObjectContext+MagicalRecord.m */; };
		83DE65CE1638C61A009E1C1A /* NSManagedObjectContext+MagicalSaves.m in Sources */ = {isa = PBXBuildFile; fileRef = 83DE65A61638C61A009E1C1A /* NSManagedObjectContext+MagicalSaves.m */; };
		83DE65CF1638C61A009E1C1A /* NSManagedObjectContext+MagicalThreading.m in Sources */ = {isa = PBXBuildFile; fileRef = 83DE65A81638C61A009E1C1A /* NSManagedObjectContext+MagicalThreading.m */; };
		83DE65D01638C61A009E1C1A /* NSManagedObjectModel+MagicalRecord.m in Sources */ = {isa = PBXBuildFile; fileRef = 83DE65AA1638C61A009E1C1A /* NSManagedObjectModel+MagicalRecord.m */; };
		83DE65D11638C61A009E1C1A /* NSPersistentStore+MagicalRecord.m in Sources */ = {isa = PBXBuildFile; fileRef = 83DE65AC1638C61A009E1C1A /* NSPersistentStore+MagicalRecord.m */; };
		83DE65D21638C61A009E1C1A /* NSPersistentStoreCoordinator+MagicalRecord.m in Sources */ = {isa = PBXBuildFile; fileRef = 83DE65AE1638C61A009E1C1A /* NSPersistentStoreCoordinator+MagicalRecord.m */; };
		83DE65D31638C61A009E1C1A /* MagicalRecord+Actions.m in Sources */ = {isa = PBXBuildFile; fileRef = 83DE65B11638C61A009E1C1A /* MagicalRecord+Actions.m */; };
		83DE65D41638C61A009E1C1A /* MagicalRecord+ErrorHandling.m in Sources */ = {isa = PBXBuildFile; fileRef = 83DE65B31638C61A009E1C1A /* MagicalRecord+ErrorHandling.m */; };
		83DE65D51638C61A009E1C1A /* MagicalRecord+iCloud.m in Sources */ = {isa = PBXBuildFile; fileRef = 83DE65B51638C61A009E1C1A /* MagicalRecord+iCloud.m */; };
		83DE65D61638C61A009E1C1A /* MagicalRecord+Options.m in Sources */ = {isa = PBXBuildFile; fileRef = 83DE65B71638C61A009E1C1A /* MagicalRecord+Options.m */; };
		83DE65D71638C61A009E1C1A /* MagicalRecord+Setup.m in Sources */ = {isa = PBXBuildFile; fileRef = 83DE65B91638C61A009E1C1A /* MagicalRecord+Setup.m */; };
		83DE65D81638C61A009E1C1A /* MagicalRecord+ShorthandSupport.m in Sources */ = {isa = PBXBuildFile; fileRef = 83DE65BB1638C61A009E1C1A /* MagicalRecord+ShorthandSupport.m */; };
		83DE65D91638C61A009E1C1A /* MagicalRecord.m in Sources */ = {isa = PBXBuildFile; fileRef = 83DE65BD1638C61A009E1C1A /* MagicalRecord.m */; };
		83DE65E71638C643009E1C1A /* ioapi.c in Sources */ = {isa = PBXBuildFile; fileRef = 83DE65DC1638C643009E1C1A /* ioapi.c */; };
		83DE65E81638C643009E1C1A /* mztools.c in Sources */ = {isa = PBXBuildFile; fileRef = 83DE65DE1638C643009E1C1A /* mztools.c */; };
		83DE65E91638C643009E1C1A /* unzip.c in Sources */ = {isa = PBXBuildFile; fileRef = 83DE65E01638C643009E1C1A /* unzip.c */; };
		83DE65EA1638C643009E1C1A /* zip.c in Sources */ = {isa = PBXBuildFile; fileRef = 83DE65E21638C643009E1C1A /* zip.c */; };
		83DE65EB1638C643009E1C1A /* CTidy.m in Sources */ = {isa = PBXBuildFile; fileRef = 83DE65E61638C643009E1C1A /* CTidy.m */; };
		83DE65EE1638C67C009E1C1A /* SSZipArchive.m in Sources */ = {isa = PBXBuildFile; fileRef = 83DE65ED1638C67C009E1C1A /* SSZipArchive.m */; };
		83DE660A163A318A009E1C1A /* BKLabel.m in Sources */ = {isa = PBXBuildFile; fileRef = 83DE6609163A318A009E1C1A /* BKLabel.m */; };
		83E409FC1631F3980085D91A /* libxml2.dylib in Frameworks */ = {isa = PBXBuildFile; fileRef = 83E409FB1631F3980085D91A /* libxml2.dylib */; };
		83E40A13163235A40085D91A /* paper_texture.png in Resources */ = {isa = PBXBuildFile; fileRef = 83E40A10163235A40085D91A /* paper_texture.png */; };
		83E40A14163235A40085D91A /* blue_texture.png in Resources */ = {isa = PBXBuildFile; fileRef = 83E40A11163235A40085D91A /* blue_texture.png */; };
		83E40A15163235A40085D91A /* dark_texture.png in Resources */ = {isa = PBXBuildFile; fileRef = 83E40A12163235A40085D91A /* dark_texture.png */; };
		83E40A2116325BE30085D91A /* CoreText.framework in Frameworks */ = {isa = PBXBuildFile; fileRef = 83E40A2016325BE30085D91A /* CoreText.framework */; };
/* End PBXBuildFile section */

/* Begin PBXFileReference section */
		8338BFD31634785800281731 /* Icon.png */ = {isa = PBXFileReference; lastKnownFileType = image.png; name = Icon.png; path = ../Icon.png; sourceTree = "<group>"; };
		8338BFD51634785E00281731 /* Icon@2x.png */ = {isa = PBXFileReference; lastKnownFileType = image.png; name = "Icon@2x.png"; path = "../Icon@2x.png"; sourceTree = "<group>"; };
		839A10461630CDCC00F3D6B1 /* CoreData.framework */ = {isa = PBXFileReference; lastKnownFileType = wrapper.framework; name = CoreData.framework; path = System/Library/Frameworks/CoreData.framework; sourceTree = SDKROOT; };
		839A105B1630DCF700F3D6B1 /* libz.dylib */ = {isa = PBXFileReference; lastKnownFileType = "compiled.mach-o.dylib"; name = libz.dylib; path = usr/lib/libz.dylib; sourceTree = SDKROOT; };
		839F0131163030DD000071A5 /* Boook.app */ = {isa = PBXFileReference; explicitFileType = wrapper.application; includeInIndex = 0; path = Boook.app; sourceTree = BUILT_PRODUCTS_DIR; };
		839F0135163030DD000071A5 /* UIKit.framework */ = {isa = PBXFileReference; lastKnownFileType = wrapper.framework; name = UIKit.framework; path = System/Library/Frameworks/UIKit.framework; sourceTree = SDKROOT; };
		839F0137163030DD000071A5 /* Foundation.framework */ = {isa = PBXFileReference; lastKnownFileType = wrapper.framework; name = Foundation.framework; path = System/Library/Frameworks/Foundation.framework; sourceTree = SDKROOT; };
		839F0139163030DD000071A5 /* CoreGraphics.framework */ = {isa = PBXFileReference; lastKnownFileType = wrapper.framework; name = CoreGraphics.framework; path = System/Library/Frameworks/CoreGraphics.framework; sourceTree = SDKROOT; };
		839F013D163030DD000071A5 /* Boook-Info.plist */ = {isa = PBXFileReference; lastKnownFileType = text.plist.xml; path = "Boook-Info.plist"; sourceTree = "<group>"; };
		839F0143163030DD000071A5 /* Boook-Prefix.pch */ = {isa = PBXFileReference; lastKnownFileType = sourcecode.c.h; path = "Boook-Prefix.pch"; sourceTree = "<group>"; };
		839F014E163030DE000071A5 /* en */ = {isa = PBXFileReference; lastKnownFileType = file.storyboard; name = en; path = en.lproj/MainStoryboard_iPhone.storyboard; sourceTree = "<group>"; };
		83DE65101638C4AE009E1C1A /* BKChapter.m */ = {isa = PBXFileReference; fileEncoding = 4; lastKnownFileType = sourcecode.c.objc; name = BKChapter.m; path = Data/BKChapter.m; sourceTree = "<group>"; };
		83DE65111638C4AE009E1C1A /* BKBook.m */ = {isa = PBXFileReference; fileEncoding = 4; lastKnownFileType = sourcecode.c.objc; name = BKBook.m; path = Data/BKBook.m; sourceTree = "<group>"; };
		83DE65121638C4AE009E1C1A /* BKBook.h */ = {isa = PBXFileReference; fileEncoding = 4; lastKnownFileType = sourcecode.c.h; name = BKBook.h; path = Data/BKBook.h; sourceTree = "<group>"; };
		83DE65131638C4AE009E1C1A /* _BKBook.h */ = {isa = PBXFileReference; fileEncoding = 4; lastKnownFileType = sourcecode.c.h; name = _BKBook.h; path = Data/_BKBook.h; sourceTree = "<group>"; };
		83DE65141638C4AE009E1C1A /* _BKBook.m */ = {isa = PBXFileReference; fileEncoding = 4; lastKnownFileType = sourcecode.c.objc; name = _BKBook.m; path = Data/_BKBook.m; sourceTree = "<group>"; };
		83DE65151638C4AE009E1C1A /* _BKChunk.h */ = {isa = PBXFileReference; fileEncoding = 4; lastKnownFileType = sourcecode.c.h; name = _BKChunk.h; path = Data/_BKChunk.h; sourceTree = "<group>"; };
		83DE65161638C4AE009E1C1A /* _BKChunk.m */ = {isa = PBXFileReference; fileEncoding = 4; lastKnownFileType = sourcecode.c.objc; name = _BKChunk.m; path = Data/_BKChunk.m; sourceTree = "<group>"; };
		83DE65171638C4AE009E1C1A /* BKChunk.h */ = {isa = PBXFileReference; fileEncoding = 4; lastKnownFileType = sourcecode.c.h; name = BKChunk.h; path = Data/BKChunk.h; sourceTree = "<group>"; };
		83DE65181638C4AE009E1C1A /* BKChunk.m */ = {isa = PBXFileReference; fileEncoding = 4; lastKnownFileType = sourcecode.c.objc; name = BKChunk.m; path = Data/BKChunk.m; sourceTree = "<group>"; };
		83DE651A1638C4AE009E1C1A /* BoookModel.xcdatamodel */ = {isa = PBXFileReference; lastKnownFileType = wrapper.xcdatamodel; path = BoookModel.xcdatamodel; sourceTree = "<group>"; };
		83DE651B1638C4AE009E1C1A /* _BKChapter.h */ = {isa = PBXFileReference; fileEncoding = 4; lastKnownFileType = sourcecode.c.h; name = _BKChapter.h; path = Data/_BKChapter.h; sourceTree = "<group>"; };
		83DE651C1638C4AE009E1C1A /* _BKChapter.m */ = {isa = PBXFileReference; fileEncoding = 4; lastKnownFileType = sourcecode.c.objc; name = _BKChapter.m; path = Data/_BKChapter.m; sourceTree = "<group>"; };
		83DE651D1638C4AE009E1C1A /* BKChapter.h */ = {isa = PBXFileReference; fileEncoding = 4; lastKnownFileType = sourcecode.c.h; name = BKChapter.h; path = Data/BKChapter.h; sourceTree = "<group>"; };
		83DE651E1638C4AE009E1C1A /* _BKAuthor.h */ = {isa = PBXFileReference; fileEncoding = 4; lastKnownFileType = sourcecode.c.h; name = _BKAuthor.h; path = Data/_BKAuthor.h; sourceTree = "<group>"; };
		83DE651F1638C4AE009E1C1A /* _BKAuthor.m */ = {isa = PBXFileReference; fileEncoding = 4; lastKnownFileType = sourcecode.c.objc; name = _BKAuthor.m; path = Data/_BKAuthor.m; sourceTree = "<group>"; };
		83DE65201638C4AE009E1C1A /* BKAuthor.h */ = {isa = PBXFileReference; fileEncoding = 4; lastKnownFileType = sourcecode.c.h; name = BKAuthor.h; path = Data/BKAuthor.h; sourceTree = "<group>"; };
		83DE65211638C4AE009E1C1A /* BKAuthor.m */ = {isa = PBXFileReference; fileEncoding = 4; lastKnownFileType = sourcecode.c.objc; name = BKAuthor.m; path = Data/BKAuthor.m; sourceTree = "<group>"; };
		83DE652B1638C4F1009E1C1A /* NSAttributedString+BoookAdditions.h */ = {isa = PBXFileReference; fileEncoding = 4; lastKnownFileType = sourcecode.c.h; name = "NSAttributedString+BoookAdditions.h"; path = "Classes/NSAttributedString+BoookAdditions.h"; sourceTree = "<group>"; };
		83DE652C1638C4F1009E1C1A /* NSAttributedString+BoookAdditions.m */ = {isa = PBXFileReference; fileEncoding = 4; lastKnownFileType = sourcecode.c.objc; name = "NSAttributedString+BoookAdditions.m"; path = "Classes/NSAttributedString+BoookAdditions.m"; sourceTree = "<group>"; };
		83DE652D1638C4F1009E1C1A /* UILabel+BoookAdditions.m */ = {isa = PBXFileReference; fileEncoding = 4; lastKnownFileType = sourcecode.c.objc; name = "UILabel+BoookAdditions.m"; path = "Classes/UILabel+BoookAdditions.m"; sourceTree = "<group>"; };
		83DE652E1638C4F1009E1C1A /* UILabel+BoookAdditions.h */ = {isa = PBXFileReference; fileEncoding = 4; lastKnownFileType = sourcecode.c.h; name = "UILabel+BoookAdditions.h"; path = "Classes/UILabel+BoookAdditions.h"; sourceTree = "<group>"; };
		83DE652F1638C4F1009E1C1A /* NSString+BoookAdditions.h */ = {isa = PBXFileReference; fileEncoding = 4; lastKnownFileType = sourcecode.c.h; name = "NSString+BoookAdditions.h"; path = "Classes/NSString+BoookAdditions.h"; sourceTree = "<group>"; };
		83DE65301638C4F1009E1C1A /* NSString+BoookAdditions.m */ = {isa = PBXFileReference; fileEncoding = 4; lastKnownFileType = sourcecode.c.objc; name = "NSString+BoookAdditions.m"; path = "Classes/NSString+BoookAdditions.m"; sourceTree = "<group>"; };
		83DE65311638C4F1009E1C1A /* NSFileManager+BoookAdditions.m */ = {isa = PBXFileReference; fileEncoding = 4; lastKnownFileType = sourcecode.c.objc; name = "NSFileManager+BoookAdditions.m"; path = "Classes/NSFileManager+BoookAdditions.m"; sourceTree = "<group>"; };
		83DE65321638C4F1009E1C1A /* NSFileManager+BoookAdditions.h */ = {isa = PBXFileReference; fileEncoding = 4; lastKnownFileType = sourcecode.c.h; name = "NSFileManager+BoookAdditions.h"; path = "Classes/NSFileManager+BoookAdditions.h"; sourceTree = "<group>"; };
		83DE65371638C502009E1C1A /* BKAppDelegate.h */ = {isa = PBXFileReference; fileEncoding = 4; lastKnownFileType = sourcecode.c.h; name = BKAppDelegate.h; path = Classes/BKAppDelegate.h; sourceTree = "<group>"; };
		83DE65381638C502009E1C1A /* BKAppDelegate.m */ = {isa = PBXFileReference; fileEncoding = 4; lastKnownFileType = sourcecode.c.objc; name = BKAppDelegate.m; path = Classes/BKAppDelegate.m; sourceTree = "<group>"; };
		83DE653A1638C517009E1C1A /* blue_texture@2x.png */ = {isa = PBXFileReference; lastKnownFileType = image.png; name = "blue_texture@2x.png"; path = "Images/blue_texture@2x.png"; sourceTree = "<group>"; };
		83DE653B1638C517009E1C1A /* Default-568h@2x.png */ = {isa = PBXFileReference; lastKnownFileType = image.png; name = "Default-568h@2x.png"; path = "Images/Default-568h@2x.png"; sourceTree = "<group>"; };
		83DE653C1638C517009E1C1A /* Default.png */ = {isa = PBXFileReference; lastKnownFileType = image.png; name = Default.png; path = Images/Default.png; sourceTree = "<group>"; };
		83DE653D1638C517009E1C1A /* Default@2x.png */ = {isa = PBXFileReference; lastKnownFileType = image.png; name = "Default@2x.png"; path = "Images/Default@2x.png"; sourceTree = "<group>"; };
		83DE653E1638C517009E1C1A /* gray_global_bgr.png */ = {isa = PBXFileReference; lastKnownFileType = image.png; name = gray_global_bgr.png; path = Images/gray_global_bgr.png; sourceTree = "<group>"; };
		83DE653F1638C517009E1C1A /* gray_global_bgr@2x.png */ = {isa = PBXFileReference; lastKnownFileType = image.png; name = "gray_global_bgr@2x.png"; path = "Images/gray_global_bgr@2x.png"; sourceTree = "<group>"; };
		83DE65461638C52D009E1C1A /* main.m */ = {isa = PBXFileReference; fileEncoding = 4; lastKnownFileType = sourcecode.c.objc; name = main.m; path = Classes/main.m; sourceTree = "<group>"; };
		83DE65491638C546009E1C1A /* austen-pride-and-prejudice-illustrations.epub */ = {isa = PBXFileReference; lastKnownFileType = file; name = "austen-pride-and-prejudice-illustrations.epub"; path = "Ebooks/austen-pride-and-prejudice-illustrations.epub"; sourceTree = "<group>"; };
		83DE654A1638C546009E1C1A /* carroll-alice-in-wonderland-illustrations.epub */ = {isa = PBXFileReference; lastKnownFileType = file; name = "carroll-alice-in-wonderland-illustrations.epub"; path = "Ebooks/carroll-alice-in-wonderland-illustrations.epub"; sourceTree = "<group>"; };
		83DE654B1638C546009E1C1A /* dickens-battle-of-life.epub */ = {isa = PBXFileReference; lastKnownFileType = file; name = "dickens-battle-of-life.epub"; path = "Ebooks/dickens-battle-of-life.epub"; sourceTree = "<group>"; };
		83DE654C1638C546009E1C1A /* gullivers.epub */ = {isa = PBXFileReference; lastKnownFileType = file; name = gullivers.epub; path = Ebooks/gullivers.epub; sourceTree = "<group>"; };
		83DE654D1638C546009E1C1A /* sherlock.epub */ = {isa = PBXFileReference; lastKnownFileType = file; name = sherlock.epub; path = Ebooks/sherlock.epub; sourceTree = "<group>"; };
		83DE65541638C5CC009E1C1A /* BKBaseViewController.h */ = {isa = PBXFileReference; fileEncoding = 4; lastKnownFileType = sourcecode.c.h; name = BKBaseViewController.h; path = Classes/BKBaseViewController.h; sourceTree = "<group>"; };
		83DE65551638C5CC009E1C1A /* BKBaseViewController.m */ = {isa = PBXFileReference; fileEncoding = 4; lastKnownFileType = sourcecode.c.objc; name = BKBaseViewController.m; path = Classes/BKBaseViewController.m; sourceTree = "<group>"; };
		83DE65561638C5CC009E1C1A /* BKBookViewController.h */ = {isa = PBXFileReference; fileEncoding = 4; lastKnownFileType = sourcecode.c.h; name = BKBookViewController.h; path = Classes/BKBookViewController.h; sourceTree = "<group>"; };
		83DE65571638C5CC009E1C1A /* BKBookViewController.m */ = {isa = PBXFileReference; fileEncoding = 4; lastKnownFileType = sourcecode.c.objc; name = BKBookViewController.m; path = Classes/BKBookViewController.m; sourceTree = "<group>"; };
		83DE65581638C5CC009E1C1A /* BKLibraryCell.h */ = {isa = PBXFileReference; fileEncoding = 4; lastKnownFileType = sourcecode.c.h; name = BKLibraryCell.h; path = Classes/BKLibraryCell.h; sourceTree = "<group>"; };
		83DE65591638C5CC009E1C1A /* BKLibraryCell.m */ = {isa = PBXFileReference; fileEncoding = 4; lastKnownFileType = sourcecode.c.objc; name = BKLibraryCell.m; path = Classes/BKLibraryCell.m; sourceTree = "<group>"; };
		83DE655A1638C5CC009E1C1A /* BKLibraryViewController.h */ = {isa = PBXFileReference; fileEncoding = 4; lastKnownFileType = sourcecode.c.h; name = BKLibraryViewController.h; path = Classes/BKLibraryViewController.h; sourceTree = "<group>"; };
		83DE655B1638C5CC009E1C1A /* BKLibraryViewController.m */ = {isa = PBXFileReference; fileEncoding = 4; lastKnownFileType = sourcecode.c.objc; name = BKLibraryViewController.m; path = Classes/BKLibraryViewController.m; sourceTree = "<group>"; };
		83DE655C1638C5CC009E1C1A /* BKPageCell.h */ = {isa = PBXFileReference; fileEncoding = 4; lastKnownFileType = sourcecode.c.h; name = BKPageCell.h; path = Classes/BKPageCell.h; sourceTree = "<group>"; };
		83DE655D1638C5CC009E1C1A /* BKPageCell.m */ = {isa = PBXFileReference; fileEncoding = 4; lastKnownFileType = sourcecode.c.objc; name = BKPageCell.m; path = Classes/BKPageCell.m; sourceTree = "<group>"; };
		83DE65631638C5DF009E1C1A /* GDataXMLNode.h */ = {isa = PBXFileReference; fileEncoding = 4; lastKnownFileType = sourcecode.c.h; name = GDataXMLNode.h; path = Classes/GDataXMLNode.h; sourceTree = "<group>"; };
		83DE65641638C5DF009E1C1A /* GDataXMLNode.m */ = {isa = PBXFileReference; fileEncoding = 4; lastKnownFileType = sourcecode.c.objc; name = GDataXMLNode.m; path = Classes/GDataXMLNode.m; sourceTree = "<group>"; };
		83DE65871638C61A009E1C1A /* MagicalImportFunctions.h */ = {isa = PBXFileReference; fileEncoding = 4; lastKnownFileType = sourcecode.c.h; path = MagicalImportFunctions.h; sourceTree = "<group>"; };
		83DE65881638C61A009E1C1A /* MagicalImportFunctions.m */ = {isa = PBXFileReference; fileEncoding = 4; lastKnownFileType = sourcecode.c.objc; path = MagicalImportFunctions.m; sourceTree = "<group>"; };
		83DE65891638C61A009E1C1A /* NSAttributeDescription+MagicalDataImport.h */ = {isa = PBXFileReference; fileEncoding = 4; lastKnownFileType = sourcecode.c.h; path = "NSAttributeDescription+MagicalDataImport.h"; sourceTree = "<group>"; };
		83DE658A1638C61A009E1C1A /* NSAttributeDescription+MagicalDataImport.m */ = {isa = PBXFileReference; fileEncoding = 4; lastKnownFileType = sourcecode.c.objc; path = "NSAttributeDescription+MagicalDataImport.m"; sourceTree = "<group>"; };
		83DE658B1638C61A009E1C1A /* NSEntityDescription+MagicalDataImport.h */ = {isa = PBXFileReference; fileEncoding = 4; lastKnownFileType = sourcecode.c.h; path = "NSEntityDescription+MagicalDataImport.h"; sourceTree = "<group>"; };
		83DE658C1638C61A009E1C1A /* NSEntityDescription+MagicalDataImport.m */ = {isa = PBXFileReference; fileEncoding = 4; lastKnownFileType = sourcecode.c.objc; path = "NSEntityDescription+MagicalDataImport.m"; sourceTree = "<group>"; };
		83DE658D1638C61A009E1C1A /* NSNumber+MagicalDataImport.h */ = {isa = PBXFileReference; fileEncoding = 4; lastKnownFileType = sourcecode.c.h; path = "NSNumber+MagicalDataImport.h"; sourceTree = "<group>"; };
		83DE658E1638C61A009E1C1A /* NSNumber+MagicalDataImport.m */ = {isa = PBXFileReference; fileEncoding = 4; lastKnownFileType = sourcecode.c.objc; path = "NSNumber+MagicalDataImport.m"; sourceTree = "<group>"; };
		83DE658F1638C61A009E1C1A /* NSObject+MagicalDataImport.h */ = {isa = PBXFileReference; fileEncoding = 4; lastKnownFileType = sourcecode.c.h; path = "NSObject+MagicalDataImport.h"; sourceTree = "<group>"; };
		83DE65901638C61A009E1C1A /* NSObject+MagicalDataImport.m */ = {isa = PBXFileReference; fileEncoding = 4; lastKnownFileType = sourcecode.c.objc; path = "NSObject+MagicalDataImport.m"; sourceTree = "<group>"; };
		83DE65911638C61A009E1C1A /* NSRelationshipDescription+MagicalDataImport.h */ = {isa = PBXFileReference; fileEncoding = 4; lastKnownFileType = sourcecode.c.h; path = "NSRelationshipDescription+MagicalDataImport.h"; sourceTree = "<group>"; };
		83DE65921638C61A009E1C1A /* NSRelationshipDescription+MagicalDataImport.m */ = {isa = PBXFileReference; fileEncoding = 4; lastKnownFileType = sourcecode.c.objc; path = "NSRelationshipDescription+MagicalDataImport.m"; sourceTree = "<group>"; };
		83DE65931638C61A009E1C1A /* NSString+MagicalDataImport.h */ = {isa = PBXFileReference; fileEncoding = 4; lastKnownFileType = sourcecode.c.h; path = "NSString+MagicalDataImport.h"; sourceTree = "<group>"; };
		83DE65941638C61A009E1C1A /* NSString+MagicalDataImport.m */ = {isa = PBXFileReference; fileEncoding = 4; lastKnownFileType = sourcecode.c.objc; path = "NSString+MagicalDataImport.m"; sourceTree = "<group>"; };
		83DE65961638C61A009E1C1A /* NSManagedObject+MagicalAggregation.h */ = {isa = PBXFileReference; fileEncoding = 4; lastKnownFileType = sourcecode.c.h; path = "NSManagedObject+MagicalAggregation.h"; sourceTree = "<group>"; };
		83DE65971638C61A009E1C1A /* NSManagedObject+MagicalAggregation.m */ = {isa = PBXFileReference; fileEncoding = 4; lastKnownFileType = sourcecode.c.objc; path = "NSManagedObject+MagicalAggregation.m"; sourceTree = "<group>"; };
		83DE65981638C61A009E1C1A /* NSManagedObject+MagicalDataImport.h */ = {isa = PBXFileReference; fileEncoding = 4; lastKnownFileType = sourcecode.c.h; path = "NSManagedObject+MagicalDataImport.h"; sourceTree = "<group>"; };
		83DE65991638C61A009E1C1A /* NSManagedObject+MagicalDataImport.m */ = {isa = PBXFileReference; fileEncoding = 4; lastKnownFileType = sourcecode.c.objc; path = "NSManagedObject+MagicalDataImport.m"; sourceTree = "<group>"; };
		83DE659A1638C61A009E1C1A /* NSManagedObject+MagicalFinders.h */ = {isa = PBXFileReference; fileEncoding = 4; lastKnownFileType = sourcecode.c.h; path = "NSManagedObject+MagicalFinders.h"; sourceTree = "<group>"; };
		83DE659B1638C61A009E1C1A /* NSManagedObject+MagicalFinders.m */ = {isa = PBXFileReference; fileEncoding = 4; lastKnownFileType = sourcecode.c.objc; path = "NSManagedObject+MagicalFinders.m"; sourceTree = "<group>"; };
		83DE659C1638C61A009E1C1A /* NSManagedObject+MagicalRecord.h */ = {isa = PBXFileReference; fileEncoding = 4; lastKnownFileType = sourcecode.c.h; path = "NSManagedObject+MagicalRecord.h"; sourceTree = "<group>"; };
		83DE659D1638C61A009E1C1A /* NSManagedObject+MagicalRecord.m */ = {isa = PBXFileReference; fileEncoding = 4; lastKnownFileType = sourcecode.c.objc; path = "NSManagedObject+MagicalRecord.m"; sourceTree = "<group>"; };
		83DE659E1638C61A009E1C1A /* NSManagedObject+MagicalRequests.h */ = {isa = PBXFileReference; fileEncoding = 4; lastKnownFileType = sourcecode.c.h; path = "NSManagedObject+MagicalRequests.h"; sourceTree = "<group>"; };
		83DE659F1638C61A009E1C1A /* NSManagedObject+MagicalRequests.m */ = {isa = PBXFileReference; fileEncoding = 4; lastKnownFileType = sourcecode.c.objc; path = "NSManagedObject+MagicalRequests.m"; sourceTree = "<group>"; };
		83DE65A11638C61A009E1C1A /* NSManagedObjectContext+MagicalObserving.h */ = {isa = PBXFileReference; fileEncoding = 4; lastKnownFileType = sourcecode.c.h; path = "NSManagedObjectContext+MagicalObserving.h"; sourceTree = "<group>"; };
		83DE65A21638C61A009E1C1A /* NSManagedObjectContext+MagicalObserving.m */ = {isa = PBXFileReference; fileEncoding = 4; lastKnownFileType = sourcecode.c.objc; path = "NSManagedObjectContext+MagicalObserving.m"; sourceTree = "<group>"; };
		83DE65A31638C61A009E1C1A /* NSManagedObjectContext+MagicalRecord.h */ = {isa = PBXFileReference; fileEncoding = 4; lastKnownFileType = sourcecode.c.h; path = "NSManagedObjectContext+MagicalRecord.h"; sourceTree = "<group>"; };
		83DE65A41638C61A009E1C1A /* NSManagedObjectContext+MagicalRecord.m */ = {isa = PBXFileReference; fileEncoding = 4; lastKnownFileType = sourcecode.c.objc; path = "NSManagedObjectContext+MagicalRecord.m"; sourceTree = "<group>"; };
		83DE65A51638C61A009E1C1A /* NSManagedObjectContext+MagicalSaves.h */ = {isa = PBXFileReference; fileEncoding = 4; lastKnownFileType = sourcecode.c.h; path = "NSManagedObjectContext+MagicalSaves.h"; sourceTree = "<group>"; };
		83DE65A61638C61A009E1C1A /* NSManagedObjectContext+MagicalSaves.m */ = {isa = PBXFileReference; fileEncoding = 4; lastKnownFileType = sourcecode.c.objc; path = "NSManagedObjectContext+MagicalSaves.m"; sourceTree = "<group>"; };
		83DE65A71638C61A009E1C1A /* NSManagedObjectContext+MagicalThreading.h */ = {isa = PBXFileReference; fileEncoding = 4; lastKnownFileType = sourcecode.c.h; path = "NSManagedObjectContext+MagicalThreading.h"; sourceTree = "<group>"; };
		83DE65A81638C61A009E1C1A /* NSManagedObjectContext+MagicalThreading.m */ = {isa = PBXFileReference; fileEncoding = 4; lastKnownFileType = sourcecode.c.objc; path = "NSManagedObjectContext+MagicalThreading.m"; sourceTree = "<group>"; };
		83DE65A91638C61A009E1C1A /* NSManagedObjectModel+MagicalRecord.h */ = {isa = PBXFileReference; fileEncoding = 4; lastKnownFileType = sourcecode.c.h; path = "NSManagedObjectModel+MagicalRecord.h"; sourceTree = "<group>"; };
		83DE65AA1638C61A009E1C1A /* NSManagedObjectModel+MagicalRecord.m */ = {isa = PBXFileReference; fileEncoding = 4; lastKnownFileType = sourcecode.c.objc; path = "NSManagedObjectModel+MagicalRecord.m"; sourceTree = "<group>"; };
		83DE65AB1638C61A009E1C1A /* NSPersistentStore+MagicalRecord.h */ = {isa = PBXFileReference; fileEncoding = 4; lastKnownFileType = sourcecode.c.h; path = "NSPersistentStore+MagicalRecord.h"; sourceTree = "<group>"; };
		83DE65AC1638C61A009E1C1A /* NSPersistentStore+MagicalRecord.m */ = {isa = PBXFileReference; fileEncoding = 4; lastKnownFileType = sourcecode.c.objc; path = "NSPersistentStore+MagicalRecord.m"; sourceTree = "<group>"; };
		83DE65AD1638C61A009E1C1A /* NSPersistentStoreCoordinator+MagicalRecord.h */ = {isa = PBXFileReference; fileEncoding = 4; lastKnownFileType = sourcecode.c.h; path = "NSPersistentStoreCoordinator+MagicalRecord.h"; sourceTree = "<group>"; };
		83DE65AE1638C61A009E1C1A /* NSPersistentStoreCoordinator+MagicalRecord.m */ = {isa = PBXFileReference; fileEncoding = 4; lastKnownFileType = sourcecode.c.objc; path = "NSPersistentStoreCoordinator+MagicalRecord.m"; sourceTree = "<group>"; };
		83DE65B01638C61A009E1C1A /* MagicalRecord+Actions.h */ = {isa = PBXFileReference; fileEncoding = 4; lastKnownFileType = sourcecode.c.h; path = "MagicalRecord+Actions.h"; sourceTree = "<group>"; };
		83DE65B11638C61A009E1C1A /* MagicalRecord+Actions.m */ = {isa = PBXFileReference; fileEncoding = 4; lastKnownFileType = sourcecode.c.objc; path = "MagicalRecord+Actions.m"; sourceTree = "<group>"; };
		83DE65B21638C61A009E1C1A /* MagicalRecord+ErrorHandling.h */ = {isa = PBXFileReference; fileEncoding = 4; lastKnownFileType = sourcecode.c.h; path = "MagicalRecord+ErrorHandling.h"; sourceTree = "<group>"; };
		83DE65B31638C61A009E1C1A /* MagicalRecord+ErrorHandling.m */ = {isa = PBXFileReference; fileEncoding = 4; lastKnownFileType = sourcecode.c.objc; path = "MagicalRecord+ErrorHandling.m"; sourceTree = "<group>"; };
		83DE65B41638C61A009E1C1A /* MagicalRecord+iCloud.h */ = {isa = PBXFileReference; fileEncoding = 4; lastKnownFileType = sourcecode.c.h; path = "MagicalRecord+iCloud.h"; sourceTree = "<group>"; };
		83DE65B51638C61A009E1C1A /* MagicalRecord+iCloud.m */ = {isa = PBXFileReference; fileEncoding = 4; lastKnownFileType = sourcecode.c.objc; path = "MagicalRecord+iCloud.m"; sourceTree = "<group>"; };
		83DE65B61638C61A009E1C1A /* MagicalRecord+Options.h */ = {isa = PBXFileReference; fileEncoding = 4; lastKnownFileType = sourcecode.c.h; path = "MagicalRecord+Options.h"; sourceTree = "<group>"; };
		83DE65B71638C61A009E1C1A /* MagicalRecord+Options.m */ = {isa = PBXFileReference; fileEncoding = 4; lastKnownFileType = sourcecode.c.objc; path = "MagicalRecord+Options.m"; sourceTree = "<group>"; };
		83DE65B81638C61A009E1C1A /* MagicalRecord+Setup.h */ = {isa = PBXFileReference; fileEncoding = 4; lastKnownFileType = sourcecode.c.h; path = "MagicalRecord+Setup.h"; sourceTree = "<group>"; };
		83DE65B91638C61A009E1C1A /* MagicalRecord+Setup.m */ = {isa = PBXFileReference; fileEncoding = 4; lastKnownFileType = sourcecode.c.objc; path = "MagicalRecord+Setup.m"; sourceTree = "<group>"; };
		83DE65BA1638C61A009E1C1A /* MagicalRecord+ShorthandSupport.h */ = {isa = PBXFileReference; fileEncoding = 4; lastKnownFileType = sourcecode.c.h; path = "MagicalRecord+ShorthandSupport.h"; sourceTree = "<group>"; };
		83DE65BB1638C61A009E1C1A /* MagicalRecord+ShorthandSupport.m */ = {isa = PBXFileReference; fileEncoding = 4; lastKnownFileType = sourcecode.c.objc; path = "MagicalRecord+ShorthandSupport.m"; sourceTree = "<group>"; };
		83DE65BC1638C61A009E1C1A /* MagicalRecord.h */ = {isa = PBXFileReference; fileEncoding = 4; lastKnownFileType = sourcecode.c.h; path = MagicalRecord.h; sourceTree = "<group>"; };
		83DE65BD1638C61A009E1C1A /* MagicalRecord.m */ = {isa = PBXFileReference; fileEncoding = 4; lastKnownFileType = sourcecode.c.objc; path = MagicalRecord.m; sourceTree = "<group>"; };
		83DE65BE1638C61A009E1C1A /* MagicalRecordShorthand.h */ = {isa = PBXFileReference; fileEncoding = 4; lastKnownFileType = sourcecode.c.h; path = MagicalRecordShorthand.h; sourceTree = "<group>"; };
		83DE65BF1638C61A009E1C1A /* CoreData+MagicalRecord.h */ = {isa = PBXFileReference; fileEncoding = 4; lastKnownFileType = sourcecode.c.h; path = "CoreData+MagicalRecord.h"; sourceTree = "<group>"; };
		83DE65DB1638C643009E1C1A /* crypt.h */ = {isa = PBXFileReference; fileEncoding = 4; lastKnownFileType = sourcecode.c.h; path = crypt.h; sourceTree = "<group>"; };
		83DE65DC1638C643009E1C1A /* ioapi.c */ = {isa = PBXFileReference; fileEncoding = 4; lastKnownFileType = sourcecode.c.c; path = ioapi.c; sourceTree = "<group>"; };
		83DE65DD1638C643009E1C1A /* ioapi.h */ = {isa = PBXFileReference; fileEncoding = 4; lastKnownFileType = sourcecode.c.h; path = ioapi.h; sourceTree = "<group>"; };
		83DE65DE1638C643009E1C1A /* mztools.c */ = {isa = PBXFileReference; fileEncoding = 4; lastKnownFileType = sourcecode.c.c; path = mztools.c; sourceTree = "<group>"; };
		83DE65DF1638C643009E1C1A /* mztools.h */ = {isa = PBXFileReference; fileEncoding = 4; lastKnownFileType = sourcecode.c.h; path = mztools.h; sourceTree = "<group>"; };
		83DE65E01638C643009E1C1A /* unzip.c */ = {isa = PBXFileReference; fileEncoding = 4; lastKnownFileType = sourcecode.c.c; path = unzip.c; sourceTree = "<group>"; };
		83DE65E11638C643009E1C1A /* unzip.h */ = {isa = PBXFileReference; fileEncoding = 4; lastKnownFileType = sourcecode.c.h; path = unzip.h; sourceTree = "<group>"; };
		83DE65E21638C643009E1C1A /* zip.c */ = {isa = PBXFileReference; fileEncoding = 4; lastKnownFileType = sourcecode.c.c; path = zip.c; sourceTree = "<group>"; };
		83DE65E31638C643009E1C1A /* zip.h */ = {isa = PBXFileReference; fileEncoding = 4; lastKnownFileType = sourcecode.c.h; path = zip.h; sourceTree = "<group>"; };
		83DE65E51638C643009E1C1A /* CTidy.h */ = {isa = PBXFileReference; fileEncoding = 4; lastKnownFileType = sourcecode.c.h; path = CTidy.h; sourceTree = "<group>"; };
		83DE65E61638C643009E1C1A /* CTidy.m */ = {isa = PBXFileReference; fileEncoding = 4; lastKnownFileType = sourcecode.c.objc; path = CTidy.m; sourceTree = "<group>"; };
		83DE65EC1638C67C009E1C1A /* SSZipArchive.h */ = {isa = PBXFileReference; fileEncoding = 4; lastKnownFileType = sourcecode.c.h; name = SSZipArchive.h; path = Classes/SSZipArchive.h; sourceTree = "<group>"; };
		83DE65ED1638C67C009E1C1A /* SSZipArchive.m */ = {isa = PBXFileReference; fileEncoding = 4; lastKnownFileType = sourcecode.c.objc; name = SSZipArchive.m; path = Classes/SSZipArchive.m; sourceTree = "<group>"; };
		83DE6608163A318A009E1C1A /* BKLabel.h */ = {isa = PBXFileReference; fileEncoding = 4; lastKnownFileType = sourcecode.c.h; name = BKLabel.h; path = Classes/BKLabel.h; sourceTree = "<group>"; };
		83DE6609163A318A009E1C1A /* BKLabel.m */ = {isa = PBXFileReference; fileEncoding = 4; lastKnownFileType = sourcecode.c.objc; name = BKLabel.m; path = Classes/BKLabel.m; sourceTree = "<group>"; };
		83E409FB1631F3980085D91A /* libxml2.dylib */ = {isa = PBXFileReference; lastKnownFileType = "compiled.mach-o.dylib"; name = libxml2.dylib; path = usr/lib/libxml2.dylib; sourceTree = SDKROOT; };
		83E40A10163235A40085D91A /* paper_texture.png */ = {isa = PBXFileReference; lastKnownFileType = image.png; name = paper_texture.png; path = Images/paper_texture.png; sourceTree = "<group>"; };
		83E40A11163235A40085D91A /* blue_texture.png */ = {isa = PBXFileReference; lastKnownFileType = image.png; name = blue_texture.png; path = Images/blue_texture.png; sourceTree = "<group>"; };
		83E40A12163235A40085D91A /* dark_texture.png */ = {isa = PBXFileReference; lastKnownFileType = image.png; name = dark_texture.png; path = Images/dark_texture.png; sourceTree = "<group>"; };
		83E40A2016325BE30085D91A /* CoreText.framework */ = {isa = PBXFileReference; lastKnownFileType = wrapper.framework; name = CoreText.framework; path = System/Library/Frameworks/CoreText.framework; sourceTree = SDKROOT; };
/* End PBXFileReference section */

/* Begin PBXFrameworksBuildPhase section */
		839F012E163030DD000071A5 /* Frameworks */ = {
			isa = PBXFrameworksBuildPhase;
			buildActionMask = 2147483647;
			files = (
				83E40A2116325BE30085D91A /* CoreText.framework in Frameworks */,
				83E409FC1631F3980085D91A /* libxml2.dylib in Frameworks */,
				839A105C1630DCF700F3D6B1 /* libz.dylib in Frameworks */,
				839A10471630CDCC00F3D6B1 /* CoreData.framework in Frameworks */,
				839F0136163030DD000071A5 /* UIKit.framework in Frameworks */,
				839F0138163030DD000071A5 /* Foundation.framework in Frameworks */,
				839F013A163030DD000071A5 /* CoreGraphics.framework in Frameworks */,
			);
			runOnlyForDeploymentPostprocessing = 0;
		};
/* End PBXFrameworksBuildPhase section */

/* Begin PBXGroup section */
		836216661630EBFC007A9BBB /* Categories */ = {
			isa = PBXGroup;
			children = (
				83DE652B1638C4F1009E1C1A /* NSAttributedString+BoookAdditions.h */,
				83DE652C1638C4F1009E1C1A /* NSAttributedString+BoookAdditions.m */,
				83DE652D1638C4F1009E1C1A /* UILabel+BoookAdditions.m */,
				83DE652E1638C4F1009E1C1A /* UILabel+BoookAdditions.h */,
				83DE652F1638C4F1009E1C1A /* NSString+BoookAdditions.h */,
				83DE65301638C4F1009E1C1A /* NSString+BoookAdditions.m */,
				83DE65311638C4F1009E1C1A /* NSFileManager+BoookAdditions.m */,
				83DE65321638C4F1009E1C1A /* NSFileManager+BoookAdditions.h */,
			);
			name = Categories;
			sourceTree = "<group>";
		};
		839F0126163030DD000071A5 = {
			isa = PBXGroup;
			children = (
				839F013B163030DD000071A5 /* Boook */,
				83E409FB1631F3980085D91A /* libxml2.dylib */,
				839A105B1630DCF700F3D6B1 /* libz.dylib */,
				839F0135163030DD000071A5 /* UIKit.framework */,
				839F0137163030DD000071A5 /* Foundation.framework */,
				839F0139163030DD000071A5 /* CoreGraphics.framework */,
				83E40A2016325BE30085D91A /* CoreText.framework */,
				839A10461630CDCC00F3D6B1 /* CoreData.framework */,
				839F0132163030DD000071A5 /* Products */,
			);
			sourceTree = "<group>";
		};
		839F0132163030DD000071A5 /* Products */ = {
			isa = PBXGroup;
			children = (
				839F0131163030DD000071A5 /* Boook.app */,
			);
			name = Products;
			sourceTree = "<group>";
		};
		839F013B163030DD000071A5 /* Boook */ = {
			isa = PBXGroup;
			children = (
				83DE65531638C5BE009E1C1A /* Classes */,
				836216661630EBFC007A9BBB /* Categories */,
				839F015D163031E1000071A5 /* Data */,
				839F015C1630310E000071A5 /* External */,
				839F015B163030FC000071A5 /* Parser */,
				839F014D163030DE000071A5 /* MainStoryboard_iPhone.storyboard */,
				83DE65371638C502009E1C1A /* BKAppDelegate.h */,
				83DE65381638C502009E1C1A /* BKAppDelegate.m */,
				839F013C163030DD000071A5 /* Supporting Files */,
			);
			path = Boook;
			sourceTree = "<group>";
		};
		839F013C163030DD000071A5 /* Supporting Files */ = {
			isa = PBXGroup;
			children = (
				83DE65481638C538009E1C1A /* Books */,
				83DE65461638C52D009E1C1A /* main.m */,
				83E40A0F1632358D0085D91A /* Images */,
				839F013D163030DD000071A5 /* Boook-Info.plist */,
				839F0143163030DD000071A5 /* Boook-Prefix.pch */,
				8338BFD51634785E00281731 /* Icon@2x.png */,
				8338BFD31634785800281731 /* Icon.png */,
			);
			name = "Supporting Files";
			sourceTree = "<group>";
		};
		839F015B163030FC000071A5 /* Parser */ = {
			isa = PBXGroup;
			children = (
			);
			name = Parser;
			sourceTree = "<group>";
		};
		839F015C1630310E000071A5 /* External */ = {
			isa = PBXGroup;
			children = (
				83DE65EF1638C685009E1C1A /* SSZipArchive */,
				83DE65DA1638C643009E1C1A /* minizip */,
				83DE65E41638C643009E1C1A /* Tidy */,
				83DE65841638C61A009E1C1A /* MagicalRecord */,
				83E40A0116320F540085D91A /* GDataXML */,
			);
			name = External;
			sourceTree = "<group>";
		};
		839F015D163031E1000071A5 /* Data */ = {
			isa = PBXGroup;
			children = (
				83DE65131638C4AE009E1C1A /* _BKBook.h */,
				83DE65141638C4AE009E1C1A /* _BKBook.m */,
				83DE65151638C4AE009E1C1A /* _BKChunk.h */,
				83DE65161638C4AE009E1C1A /* _BKChunk.m */,
				83DE651B1638C4AE009E1C1A /* _BKChapter.h */,
				83DE651C1638C4AE009E1C1A /* _BKChapter.m */,
				83DE651E1638C4AE009E1C1A /* _BKAuthor.h */,
				83DE651F1638C4AE009E1C1A /* _BKAuthor.m */,
				83DE65171638C4AE009E1C1A /* BKChunk.h */,
				83DE65181638C4AE009E1C1A /* BKChunk.m */,
				83DE651D1638C4AE009E1C1A /* BKChapter.h */,
				83DE65101638C4AE009E1C1A /* BKChapter.m */,
				83DE65121638C4AE009E1C1A /* BKBook.h */,
				83DE65111638C4AE009E1C1A /* BKBook.m */,
				83DE65201638C4AE009E1C1A /* BKAuthor.h */,
				83DE65211638C4AE009E1C1A /* BKAuthor.m */,
				83DE65191638C4AE009E1C1A /* BoookModel.xcdatamodeld */,
			);
			name = Data;
			sourceTree = "<group>";
		};
		83DE65481638C538009E1C1A /* Books */ = {
			isa = PBXGroup;
			children = (
				83DE65491638C546009E1C1A /* austen-pride-and-prejudice-illustrations.epub */,
				83DE654A1638C546009E1C1A /* carroll-alice-in-wonderland-illustrations.epub */,
				83DE654B1638C546009E1C1A /* dickens-battle-of-life.epub */,
				83DE654C1638C546009E1C1A /* gullivers.epub */,
				83DE654D1638C546009E1C1A /* sherlock.epub */,
			);
			name = Books;
			sourceTree = "<group>";
		};
		83DE65531638C5BE009E1C1A /* Classes */ = {
			isa = PBXGroup;
			children = (
				83DE65541638C5CC009E1C1A /* BKBaseViewController.h */,
				83DE65551638C5CC009E1C1A /* BKBaseViewController.m */,
				83DE65561638C5CC009E1C1A /* BKBookViewController.h */,
				83DE65571638C5CC009E1C1A /* BKBookViewController.m */,
				83DE655C1638C5CC009E1C1A /* BKPageCell.h */,
				83DE655D1638C5CC009E1C1A /* BKPageCell.m */,
				83DE655A1638C5CC009E1C1A /* BKLibraryViewController.h */,
				83DE655B1638C5CC009E1C1A /* BKLibraryViewController.m */,
				83DE65581638C5CC009E1C1A /* BKLibraryCell.h */,
				83DE65591638C5CC009E1C1A /* BKLibraryCell.m */,
				83DE6608163A318A009E1C1A /* BKLabel.h */,
				83DE6609163A318A009E1C1A /* BKLabel.m */,
			);
			name = Classes;
			sourceTree = "<group>";
		};
		83DE65841638C61A009E1C1A /* MagicalRecord */ = {
			isa = PBXGroup;
			children = (
				83DE65851638C61A009E1C1A /* Categories */,
				83DE65AF1638C61A009E1C1A /* Core */,
				83DE65BF1638C61A009E1C1A /* CoreData+MagicalRecord.h */,
			);
			name = MagicalRecord;
			path = External/MagicalRecord;
			sourceTree = "<group>";
		};
		83DE65851638C61A009E1C1A /* Categories */ = {
			isa = PBXGroup;
			children = (
				83DE65861638C61A009E1C1A /* DataImport */,
				83DE65951638C61A009E1C1A /* NSManagedObject */,
				83DE65A01638C61A009E1C1A /* NSManagedObjectContext */,
				83DE65A91638C61A009E1C1A /* NSManagedObjectModel+MagicalRecord.h */,
				83DE65AA1638C61A009E1C1A /* NSManagedObjectModel+MagicalRecord.m */,
				83DE65AB1638C61A009E1C1A /* NSPersistentStore+MagicalRecord.h */,
				83DE65AC1638C61A009E1C1A /* NSPersistentStore+MagicalRecord.m */,
				83DE65AD1638C61A009E1C1A /* NSPersistentStoreCoordinator+MagicalRecord.h */,
				83DE65AE1638C61A009E1C1A /* NSPersistentStoreCoordinator+MagicalRecord.m */,
			);
			path = Categories;
			sourceTree = "<group>";
		};
		83DE65861638C61A009E1C1A /* DataImport */ = {
			isa = PBXGroup;
			children = (
				83DE65871638C61A009E1C1A /* MagicalImportFunctions.h */,
				83DE65881638C61A009E1C1A /* MagicalImportFunctions.m */,
				83DE65891638C61A009E1C1A /* NSAttributeDescription+MagicalDataImport.h */,
				83DE658A1638C61A009E1C1A /* NSAttributeDescription+MagicalDataImport.m */,
				83DE658B1638C61A009E1C1A /* NSEntityDescription+MagicalDataImport.h */,
				83DE658C1638C61A009E1C1A /* NSEntityDescription+MagicalDataImport.m */,
				83DE658D1638C61A009E1C1A /* NSNumber+MagicalDataImport.h */,
				83DE658E1638C61A009E1C1A /* NSNumber+MagicalDataImport.m */,
				83DE658F1638C61A009E1C1A /* NSObject+MagicalDataImport.h */,
				83DE65901638C61A009E1C1A /* NSObject+MagicalDataImport.m */,
				83DE65911638C61A009E1C1A /* NSRelationshipDescription+MagicalDataImport.h */,
				83DE65921638C61A009E1C1A /* NSRelationshipDescription+MagicalDataImport.m */,
				83DE65931638C61A009E1C1A /* NSString+MagicalDataImport.h */,
				83DE65941638C61A009E1C1A /* NSString+MagicalDataImport.m */,
			);
			path = DataImport;
			sourceTree = "<group>";
		};
		83DE65951638C61A009E1C1A /* NSManagedObject */ = {
			isa = PBXGroup;
			children = (
				83DE65961638C61A009E1C1A /* NSManagedObject+MagicalAggregation.h */,
				83DE65971638C61A009E1C1A /* NSManagedObject+MagicalAggregation.m */,
				83DE65981638C61A009E1C1A /* NSManagedObject+MagicalDataImport.h */,
				83DE65991638C61A009E1C1A /* NSManagedObject+MagicalDataImport.m */,
				83DE659A1638C61A009E1C1A /* NSManagedObject+MagicalFinders.h */,
				83DE659B1638C61A009E1C1A /* NSManagedObject+MagicalFinders.m */,
				83DE659C1638C61A009E1C1A /* NSManagedObject+MagicalRecord.h */,
				83DE659D1638C61A009E1C1A /* NSManagedObject+MagicalRecord.m */,
				83DE659E1638C61A009E1C1A /* NSManagedObject+MagicalRequests.h */,
				83DE659F1638C61A009E1C1A /* NSManagedObject+MagicalRequests.m */,
			);
			path = NSManagedObject;
			sourceTree = "<group>";
		};
		83DE65A01638C61A009E1C1A /* NSManagedObjectContext */ = {
			isa = PBXGroup;
			children = (
				83DE65A11638C61A009E1C1A /* NSManagedObjectContext+MagicalObserving.h */,
				83DE65A21638C61A009E1C1A /* NSManagedObjectContext+MagicalObserving.m */,
				83DE65A31638C61A009E1C1A /* NSManagedObjectContext+MagicalRecord.h */,
				83DE65A41638C61A009E1C1A /* NSManagedObjectContext+MagicalRecord.m */,
				83DE65A51638C61A009E1C1A /* NSManagedObjectContext+MagicalSaves.h */,
				83DE65A61638C61A009E1C1A /* NSManagedObjectContext+MagicalSaves.m */,
				83DE65A71638C61A009E1C1A /* NSManagedObjectContext+MagicalThreading.h */,
				83DE65A81638C61A009E1C1A /* NSManagedObjectContext+MagicalThreading.m */,
			);
			path = NSManagedObjectContext;
			sourceTree = "<group>";
		};
		83DE65AF1638C61A009E1C1A /* Core */ = {
			isa = PBXGroup;
			children = (
				83DE65B01638C61A009E1C1A /* MagicalRecord+Actions.h */,
				83DE65B11638C61A009E1C1A /* MagicalRecord+Actions.m */,
				83DE65B21638C61A009E1C1A /* MagicalRecord+ErrorHandling.h */,
				83DE65B31638C61A009E1C1A /* MagicalRecord+ErrorHandling.m */,
				83DE65B41638C61A009E1C1A /* MagicalRecord+iCloud.h */,
				83DE65B51638C61A009E1C1A /* MagicalRecord+iCloud.m */,
				83DE65B61638C61A009E1C1A /* MagicalRecord+Options.h */,
				83DE65B71638C61A009E1C1A /* MagicalRecord+Options.m */,
				83DE65B81638C61A009E1C1A /* MagicalRecord+Setup.h */,
				83DE65B91638C61A009E1C1A /* MagicalRecord+Setup.m */,
				83DE65BA1638C61A009E1C1A /* MagicalRecord+ShorthandSupport.h */,
				83DE65BB1638C61A009E1C1A /* MagicalRecord+ShorthandSupport.m */,
				83DE65BC1638C61A009E1C1A /* MagicalRecord.h */,
				83DE65BD1638C61A009E1C1A /* MagicalRecord.m */,
				83DE65BE1638C61A009E1C1A /* MagicalRecordShorthand.h */,
			);
			path = Core;
			sourceTree = "<group>";
		};
		83DE65DA1638C643009E1C1A /* minizip */ = {
			isa = PBXGroup;
			children = (
				83DE65DB1638C643009E1C1A /* crypt.h */,
				83DE65DC1638C643009E1C1A /* ioapi.c */,
				83DE65DD1638C643009E1C1A /* ioapi.h */,
				83DE65DE1638C643009E1C1A /* mztools.c */,
				83DE65DF1638C643009E1C1A /* mztools.h */,
				83DE65E01638C643009E1C1A /* unzip.c */,
				83DE65E11638C643009E1C1A /* unzip.h */,
				83DE65E21638C643009E1C1A /* zip.c */,
				83DE65E31638C643009E1C1A /* zip.h */,
			);
			name = minizip;
			path = External/minizip;
			sourceTree = "<group>";
		};
		83DE65E41638C643009E1C1A /* Tidy */ = {
			isa = PBXGroup;
			children = (
				83DE65E51638C643009E1C1A /* CTidy.h */,
				83DE65E61638C643009E1C1A /* CTidy.m */,
			);
			name = Tidy;
			path = External/Tidy;
			sourceTree = "<group>";
		};
		83DE65EF1638C685009E1C1A /* SSZipArchive */ = {
			isa = PBXGroup;
			children = (
				83DE65EC1638C67C009E1C1A /* SSZipArchive.h */,
				83DE65ED1638C67C009E1C1A /* SSZipArchive.m */,
			);
			name = SSZipArchive;
			sourceTree = "<group>";
		};
		83E40A0116320F540085D91A /* GDataXML */ = {
			isa = PBXGroup;
			children = (
				83DE65631638C5DF009E1C1A /* GDataXMLNode.h */,
				83DE65641638C5DF009E1C1A /* GDataXMLNode.m */,
			);
			name = GDataXML;
			sourceTree = "<group>";
		};
		83E40A0F1632358D0085D91A /* Images */ = {
			isa = PBXGroup;
			children = (
				83DE653A1638C517009E1C1A /* blue_texture@2x.png */,
				83DE653B1638C517009E1C1A /* Default-568h@2x.png */,
				83DE653C1638C517009E1C1A /* Default.png */,
				83DE653D1638C517009E1C1A /* Default@2x.png */,
				83DE653E1638C517009E1C1A /* gray_global_bgr.png */,
				83DE653F1638C517009E1C1A /* gray_global_bgr@2x.png */,
				83E40A10163235A40085D91A /* paper_texture.png */,
				83E40A11163235A40085D91A /* blue_texture.png */,
				83E40A12163235A40085D91A /* dark_texture.png */,
			);
			name = Images;
			sourceTree = "<group>";
		};
/* End PBXGroup section */

/* Begin PBXNativeTarget section */
		839F0130163030DD000071A5 /* Boook */ = {
			isa = PBXNativeTarget;
			buildConfigurationList = 839F0158163030DE000071A5 /* Build configuration list for PBXNativeTarget "Boook" */;
			buildPhases = (
				839F012D163030DD000071A5 /* Sources */,
				839F012E163030DD000071A5 /* Frameworks */,
				839F012F163030DD000071A5 /* Resources */,
			);
			buildRules = (
			);
			dependencies = (
			);
			name = Boook;
			productName = Boook;
			productReference = 839F0131163030DD000071A5 /* Boook.app */;
			productType = "com.apple.product-type.application";
		};
/* End PBXNativeTarget section */

/* Begin PBXProject section */
		839F0128163030DD000071A5 /* Project object */ = {
			isa = PBXProject;
			attributes = {
				CLASSPREFIX = BK;
				LastUpgradeCheck = 0450;
				ORGANIZATIONNAME = "Edwin Iskandar";
			};
			buildConfigurationList = 839F012B163030DD000071A5 /* Build configuration list for PBXProject "Boook" */;
			compatibilityVersion = "Xcode 3.2";
			developmentRegion = English;
			hasScannedForEncodings = 0;
			knownRegions = (
				en,
			);
			mainGroup = 839F0126163030DD000071A5;
			productRefGroup = 839F0132163030DD000071A5 /* Products */;
			projectDirPath = "";
			projectRoot = "";
			targets = (
				839F0130163030DD000071A5 /* Boook */,
			);
		};
/* End PBXProject section */

/* Begin PBXResourcesBuildPhase section */
		839F012F163030DD000071A5 /* Resources */ = {
			isa = PBXResourcesBuildPhase;
			buildActionMask = 2147483647;
			files = (
				839F014F163030DE000071A5 /* MainStoryboard_iPhone.storyboard in Resources */,
				83E40A13163235A40085D91A /* paper_texture.png in Resources */,
				83E40A14163235A40085D91A /* blue_texture.png in Resources */,
				83E40A15163235A40085D91A /* dark_texture.png in Resources */,
				8338BFD41634785800281731 /* Icon.png in Resources */,
				8338BFD61634785E00281731 /* Icon@2x.png in Resources */,
				83DE65401638C517009E1C1A /* blue_texture@2x.png in Resources */,
				83DE65411638C517009E1C1A /* Default-568h@2x.png in Resources */,
				83DE65421638C517009E1C1A /* Default.png in Resources */,
				83DE65431638C517009E1C1A /* Default@2x.png in Resources */,
				83DE65441638C517009E1C1A /* gray_global_bgr.png in Resources */,
				83DE65451638C517009E1C1A /* gray_global_bgr@2x.png in Resources */,
				83DE654E1638C546009E1C1A /* austen-pride-and-prejudice-illustrations.epub in Resources */,
				83DE654F1638C546009E1C1A /* carroll-alice-in-wonderland-illustrations.epub in Resources */,
				83DE65501638C546009E1C1A /* dickens-battle-of-life.epub in Resources */,
				83DE65511638C546009E1C1A /* gullivers.epub in Resources */,
				83DE65521638C546009E1C1A /* sherlock.epub in Resources */,
			);
			runOnlyForDeploymentPostprocessing = 0;
		};
/* End PBXResourcesBuildPhase section */

/* Begin PBXSourcesBuildPhase section */
		839F012D163030DD000071A5 /* Sources */ = {
			isa = PBXSourcesBuildPhase;
			buildActionMask = 2147483647;
			files = (
				83DE65221638C4AE009E1C1A /* BKChapter.m in Sources */,
				83DE65231638C4AE009E1C1A /* BKBook.m in Sources */,
				83DE65241638C4AE009E1C1A /* _BKBook.m in Sources */,
				83DE65251638C4AE009E1C1A /* _BKChunk.m in Sources */,
				83DE65261638C4AE009E1C1A /* BKChunk.m in Sources */,
				83DE65271638C4AE009E1C1A /* BoookModel.xcdatamodeld in Sources */,
				83DE65281638C4AE009E1C1A /* _BKChapter.m in Sources */,
				83DE65291638C4AE009E1C1A /* _BKAuthor.m in Sources */,
				83DE652A1638C4AE009E1C1A /* BKAuthor.m in Sources */,
				83DE65331638C4F1009E1C1A /* NSAttributedString+BoookAdditions.m in Sources */,
				83DE65341638C4F1009E1C1A /* UILabel+BoookAdditions.m in Sources */,
				83DE65351638C4F1009E1C1A /* NSString+BoookAdditions.m in Sources */,
				83DE65361638C4F1009E1C1A /* NSFileManager+BoookAdditions.m in Sources */,
				83DE65391638C502009E1C1A /* BKAppDelegate.m in Sources */,
				83DE65471638C52D009E1C1A /* main.m in Sources */,
				83DE655E1638C5CC009E1C1A /* BKBaseViewController.m in Sources */,
				83DE655F1638C5CC009E1C1A /* BKBookViewController.m in Sources */,
				83DE65601638C5CC009E1C1A /* BKLibraryCell.m in Sources */,
				83DE65611638C5CC009E1C1A /* BKLibraryViewController.m in Sources */,
				83DE65621638C5CC009E1C1A /* BKPageCell.m in Sources */,
				83DE65651638C5DF009E1C1A /* GDataXMLNode.m in Sources */,
				83DE65C01638C61A009E1C1A /* MagicalImportFunctions.m in Sources */,
				83DE65C11638C61A009E1C1A /* NSAttributeDescription+MagicalDataImport.m in Sources */,
				83DE65C21638C61A009E1C1A /* NSEntityDescription+MagicalDataImport.m in Sources */,
				83DE65C31638C61A009E1C1A /* NSNumber+MagicalDataImport.m in Sources */,
				83DE65C41638C61A009E1C1A /* NSObject+MagicalDataImport.m in Sources */,
				83DE65C51638C61A009E1C1A /* NSRelationshipDescription+MagicalDataImport.m in Sources */,
				83DE65C61638C61A009E1C1A /* NSString+MagicalDataImport.m in Sources */,
				83DE65C71638C61A009E1C1A /* NSManagedObject+MagicalAggregation.m in Sources */,
				83DE65C81638C61A009E1C1A /* NSManagedObject+MagicalDataImport.m in Sources */,
				83DE65C91638C61A009E1C1A /* NSManagedObject+MagicalFinders.m in Sources */,
				83DE65CA1638C61A009E1C1A /* NSManagedObject+MagicalRecord.m in Sources */,
				83DE65CB1638C61A009E1C1A /* NSManagedObject+MagicalRequests.m in Sources */,
				83DE65CC1638C61A009E1C1A /* NSManagedObjectContext+MagicalObserving.m in Sources */,
				83DE65CD1638C61A009E1C1A /* NSManagedObjectContext+MagicalRecord.m in Sources */,
				83DE65CE1638C61A009E1C1A /* NSManagedObjectContext+MagicalSaves.m in Sources */,
				83DE65CF1638C61A009E1C1A /* NSManagedObjectContext+MagicalThreading.m in Sources */,
				83DE65D01638C61A009E1C1A /* NSManagedObjectModel+MagicalRecord.m in Sources */,
				83DE65D11638C61A009E1C1A /* NSPersistentStore+MagicalRecord.m in Sources */,
				83DE65D21638C61A009E1C1A /* NSPersistentStoreCoordinator+MagicalRecord.m in Sources */,
				83DE65D31638C61A009E1C1A /* MagicalRecord+Actions.m in Sources */,
				83DE65D41638C61A009E1C1A /* MagicalRecord+ErrorHandling.m in Sources */,
				83DE65D51638C61A009E1C1A /* MagicalRecord+iCloud.m in Sources */,
				83DE65D61638C61A009E1C1A /* MagicalRecord+Options.m in Sources */,
				83DE65D71638C61A009E1C1A /* MagicalRecord+Setup.m in Sources */,
				83DE65D81638C61A009E1C1A /* MagicalRecord+ShorthandSupport.m in Sources */,
				83DE65D91638C61A009E1C1A /* MagicalRecord.m in Sources */,
				83DE65E71638C643009E1C1A /* ioapi.c in Sources */,
				83DE65E81638C643009E1C1A /* mztools.c in Sources */,
				83DE65E91638C643009E1C1A /* unzip.c in Sources */,
				83DE65EA1638C643009E1C1A /* zip.c in Sources */,
				83DE65EB1638C643009E1C1A /* CTidy.m in Sources */,
				83DE65EE1638C67C009E1C1A /* SSZipArchive.m in Sources */,
				83DE660A163A318A009E1C1A /* BKLabel.m in Sources */,
			);
			runOnlyForDeploymentPostprocessing = 0;
		};
/* End PBXSourcesBuildPhase section */

/* Begin PBXVariantGroup section */
		839F014D163030DE000071A5 /* MainStoryboard_iPhone.storyboard */ = {
			isa = PBXVariantGroup;
			children = (
				839F014E163030DE000071A5 /* en */,
			);
			name = MainStoryboard_iPhone.storyboard;
			sourceTree = "<group>";
		};
/* End PBXVariantGroup section */

/* Begin XCBuildConfiguration section */
		839F0156163030DE000071A5 /* Debug */ = {
			isa = XCBuildConfiguration;
			buildSettings = {
				ALWAYS_SEARCH_USER_PATHS = NO;
				CLANG_CXX_LANGUAGE_STANDARD = "gnu++0x";
				CLANG_CXX_LIBRARY = "libc++";
				CLANG_ENABLE_OBJC_ARC = YES;
				CLANG_WARN_EMPTY_BODY = YES;
				CLANG_WARN__DUPLICATE_METHOD_MATCH = YES;
				"CODE_SIGN_IDENTITY[sdk=iphoneos*]" = "iPhone Developer";
				COPY_PHASE_STRIP = NO;
				GCC_C_LANGUAGE_STANDARD = gnu99;
				GCC_DYNAMIC_NO_PIC = NO;
				GCC_OPTIMIZATION_LEVEL = 0;
				GCC_PREPROCESSOR_DEFINITIONS = (
					"DEBUG=1",
					"$(inherited)",
				);
				GCC_SYMBOLS_PRIVATE_EXTERN = NO;
				GCC_WARN_ABOUT_RETURN_TYPE = YES;
				GCC_WARN_UNINITIALIZED_AUTOS = YES;
				GCC_WARN_UNUSED_VARIABLE = YES;
				IPHONEOS_DEPLOYMENT_TARGET = 6.0;
				SDKROOT = iphoneos;
				TARGETED_DEVICE_FAMILY = "1,2";
			};
			name = Debug;
		};
		839F0157163030DE000071A5 /* Release */ = {
			isa = XCBuildConfiguration;
			buildSettings = {
				ALWAYS_SEARCH_USER_PATHS = NO;
				CLANG_CXX_LANGUAGE_STANDARD = "gnu++0x";
				CLANG_CXX_LIBRARY = "libc++";
				CLANG_ENABLE_OBJC_ARC = YES;
				CLANG_WARN_EMPTY_BODY = YES;
				CLANG_WARN__DUPLICATE_METHOD_MATCH = YES;
				"CODE_SIGN_IDENTITY[sdk=iphoneos*]" = "iPhone Developer";
				COPY_PHASE_STRIP = YES;
				GCC_C_LANGUAGE_STANDARD = gnu99;
				GCC_WARN_ABOUT_RETURN_TYPE = YES;
				GCC_WARN_UNINITIALIZED_AUTOS = YES;
				GCC_WARN_UNUSED_VARIABLE = YES;
				IPHONEOS_DEPLOYMENT_TARGET = 6.0;
				OTHER_CFLAGS = "-DNS_BLOCK_ASSERTIONS=1";
				SDKROOT = iphoneos;
				TARGETED_DEVICE_FAMILY = "1,2";
				VALIDATE_PRODUCT = YES;
			};
			name = Release;
		};
		839F0159163030DE000071A5 /* Debug */ = {
			isa = XCBuildConfiguration;
			buildSettings = {
				GCC_PRECOMPILE_PREFIX_HEADER = YES;
				GCC_PREFIX_HEADER = "Boook/Boook-Prefix.pch";
				HEADER_SEARCH_PATHS = /usr/include/libxml2;
				INFOPLIST_FILE = "Boook/Boook-Info.plist";
				OTHER_LDFLAGS = "-lxml2";
				PRODUCT_NAME = "$(TARGET_NAME)";
				WRAPPER_EXTENSION = app;
			};
			name = Debug;
		};
		839F015A163030DE000071A5 /* Release */ = {
			isa = XCBuildConfiguration;
			buildSettings = {
				GCC_PRECOMPILE_PREFIX_HEADER = YES;
				GCC_PREFIX_HEADER = "Boook/Boook-Prefix.pch";
				HEADER_SEARCH_PATHS = /usr/include/libxml2;
				INFOPLIST_FILE = "Boook/Boook-Info.plist";
				OTHER_LDFLAGS = "-lxml2";
				PRODUCT_NAME = "$(TARGET_NAME)";
				WRAPPER_EXTENSION = app;
			};
			name = Release;
		};
/* End XCBuildConfiguration section */

/* Begin XCConfigurationList section */
		839F012B163030DD000071A5 /* Build configuration list for PBXProject "Boook" */ = {
			isa = XCConfigurationList;
			buildConfigurations = (
				839F0156163030DE000071A5 /* Debug */,
				839F0157163030DE000071A5 /* Release */,
			);
			defaultConfigurationIsVisible = 0;
			defaultConfigurationName = Release;
		};
		839F0158163030DE000071A5 /* Build configuration list for PBXNativeTarget "Boook" */ = {
			isa = XCConfigurationList;
			buildConfigurations = (
				839F0159163030DE000071A5 /* Debug */,
				839F015A163030DE000071A5 /* Release */,
			);
			defaultConfigurationIsVisible = 0;
			defaultConfigurationName = Release;
		};
/* End XCConfigurationList section */

/* Begin XCVersionGroup section */
		83DE65191638C4AE009E1C1A /* BoookModel.xcdatamodeld */ = {
			isa = XCVersionGroup;
			children = (
				83DE651A1638C4AE009E1C1A /* BoookModel.xcdatamodel */,
			);
			currentVersion = 83DE651A1638C4AE009E1C1A /* BoookModel.xcdatamodel */;
			name = BoookModel.xcdatamodeld;
			path = Data/BoookModel.xcdatamodeld;
			sourceTree = "<group>";
			versionGroupType = wrapper.xcdatamodel;
		};
/* End XCVersionGroup section */
	};
	rootObject = 839F0128163030DD000071A5 /* Project object */;
}
